
Microsoft Visual Studio Solution File, Format Version 12.00
# Visual Studio Version 16
VisualStudioVersion = 16.0.29926.136
MinimumVisualStudioVersion = 10.0.40219.1
Project("{9A19103F-16F7-4668-BE54-9A1E7A4F7556}") = "Single Number", "SingleNumber\Single Number.csproj", "{5309EE45-1F28-459F-B58C-99525981B1E8}"
EndProject
Project("{9A19103F-16F7-4668-BE54-9A1E7A4F7556}") = "Happy Number", "HappyNumber\Happy Number.csproj", "{6844E2A5-F390-4058-BC74-598BCEB7038E}"
EndProject
Project("{9A19103F-16F7-4668-BE54-9A1E7A4F7556}") = "Move Zeroes", "MoveZeroes\Move Zeroes.csproj", "{FDD9CEAE-5555-44F7-917C-FDEC9DC65EB2}"
EndProject
Project("{9A19103F-16F7-4668-BE54-9A1E7A4F7556}") = "Count Elements", "CountElements\Count Elements.csproj", "{0C59BB67-612D-44C0-9B92-83389A834156}"
EndProject
Project("{9A19103F-16F7-4668-BE54-9A1E7A4F7556}") = "Maximum Subarray", "Maximum Subarray\Maximum Subarray.csproj", "{3C248FEB-7840-40FA-ADFD-0E0710BCB8AB}"
EndProject
Project("{9A19103F-16F7-4668-BE54-9A1E7A4F7556}") = "Best Time To Buy And Sell Stock II", "BestTimeToBuyAndSellStockII\Best Time To Buy And Sell Stock II.csproj", "{A80410F6-0AF6-43DE-B938-F284C76DC907}"
EndProject
Project("{9A19103F-16F7-4668-BE54-9A1E7A4F7556}") = "Group Anagrams", "GroupAnagrams\Group Anagrams.csproj", "{F343A0BD-FF15-407E-B19D-B4013CD133B6}"
EndProject
Project("{9A19103F-16F7-4668-BE54-9A1E7A4F7556}") = "Middle Of The Linked List", "MiddleOfTheLinkedList\Middle Of The Linked List.csproj", "{4935CC1F-88D6-4D38-881A-5D883BC66CAC}"
EndProject
Project("{FAE04EC0-301F-11D3-BF4B-00C04F79EFBC}") = "Backspace String Compare", "Backspace String Compare\Backspace String Compare.csproj", "{29BB4C81-B269-4EFD-8421-C2FF2612098F}"
EndProject
Global
	GlobalSection(SolutionConfigurationPlatforms) = preSolution
		Debug|Any CPU = Debug|Any CPU
		Release|Any CPU = Release|Any CPU
	EndGlobalSection
	GlobalSection(ProjectConfigurationPlatforms) = postSolution
		{5309EE45-1F28-459F-B58C-99525981B1E8}.Debug|Any CPU.ActiveCfg = Debug|Any CPU
		{5309EE45-1F28-459F-B58C-99525981B1E8}.Debug|Any CPU.Build.0 = Debug|Any CPU
		{5309EE45-1F28-459F-B58C-99525981B1E8}.Release|Any CPU.ActiveCfg = Release|Any CPU
		{5309EE45-1F28-459F-B58C-99525981B1E8}.Release|Any CPU.Build.0 = Release|Any CPU
		{6844E2A5-F390-4058-BC74-598BCEB7038E}.Debug|Any CPU.ActiveCfg = Debug|Any CPU
		{6844E2A5-F390-4058-BC74-598BCEB7038E}.Debug|Any CPU.Build.0 = Debug|Any CPU
		{6844E2A5-F390-4058-BC74-598BCEB7038E}.Release|Any CPU.ActiveCfg = Release|Any CPU
		{6844E2A5-F390-4058-BC74-598BCEB7038E}.Release|Any CPU.Build.0 = Release|Any CPU
		{FDD9CEAE-5555-44F7-917C-FDEC9DC65EB2}.Debug|Any CPU.ActiveCfg = Debug|Any CPU
		{FDD9CEAE-5555-44F7-917C-FDEC9DC65EB2}.Debug|Any CPU.Build.0 = Debug|Any CPU
		{FDD9CEAE-5555-44F7-917C-FDEC9DC65EB2}.Release|Any CPU.ActiveCfg = Release|Any CPU
		{FDD9CEAE-5555-44F7-917C-FDEC9DC65EB2}.Release|Any CPU.Build.0 = Release|Any CPU
		{0C59BB67-612D-44C0-9B92-83389A834156}.Debug|Any CPU.ActiveCfg = Debug|Any CPU
		{0C59BB67-612D-44C0-9B92-83389A834156}.Debug|Any CPU.Build.0 = Debug|Any CPU
		{0C59BB67-612D-44C0-9B92-83389A834156}.Release|Any CPU.ActiveCfg = Release|Any CPU
		{0C59BB67-612D-44C0-9B92-83389A834156}.Release|Any CPU.Build.0 = Release|Any CPU
		{3C248FEB-7840-40FA-ADFD-0E0710BCB8AB}.Debug|Any CPU.ActiveCfg = Debug|Any CPU
		{3C248FEB-7840-40FA-ADFD-0E0710BCB8AB}.Debug|Any CPU.Build.0 = Debug|Any CPU
		{3C248FEB-7840-40FA-ADFD-0E0710BCB8AB}.Release|Any CPU.ActiveCfg = Release|Any CPU
		{3C248FEB-7840-40FA-ADFD-0E0710BCB8AB}.Release|Any CPU.Build.0 = Release|Any CPU
		{A80410F6-0AF6-43DE-B938-F284C76DC907}.Debug|Any CPU.ActiveCfg = Debug|Any CPU
		{A80410F6-0AF6-43DE-B938-F284C76DC907}.Debug|Any CPU.Build.0 = Debug|Any CPU
		{A80410F6-0AF6-43DE-B938-F284C76DC907}.Release|Any CPU.ActiveCfg = Release|Any CPU
		{A80410F6-0AF6-43DE-B938-F284C76DC907}.Release|Any CPU.Build.0 = Release|Any CPU
		{F343A0BD-FF15-407E-B19D-B4013CD133B6}.Debug|Any CPU.ActiveCfg = Debug|Any CPU
		{F343A0BD-FF15-407E-B19D-B4013CD133B6}.Debug|Any CPU.Build.0 = Debug|Any CPU
		{F343A0BD-FF15-407E-B19D-B4013CD133B6}.Release|Any CPU.ActiveCfg = Release|Any CPU
		{F343A0BD-FF15-407E-B19D-B4013CD133B6}.Release|Any CPU.Build.0 = Release|Any CPU
		{4935CC1F-88D6-4D38-881A-5D883BC66CAC}.Debug|Any CPU.ActiveCfg = Debug|Any CPU
		{4935CC1F-88D6-4D38-881A-5D883BC66CAC}.Debug|Any CPU.Build.0 = Debug|Any CPU
		{4935CC1F-88D6-4D38-881A-5D883BC66CAC}.Release|Any CPU.ActiveCfg = Release|Any CPU
		{4935CC1F-88D6-4D38-881A-5D883BC66CAC}.Release|Any CPU.Build.0 = Release|Any CPU
		{29BB4C81-B269-4EFD-8421-C2FF2612098F}.Debug|Any CPU.ActiveCfg = Debug|Any CPU
		{29BB4C81-B269-4EFD-8421-C2FF2612098F}.Debug|Any CPU.Build.0 = Debug|Any CPU
		{29BB4C81-B269-4EFD-8421-C2FF2612098F}.Release|Any CPU.ActiveCfg = Release|Any CPU
		{29BB4C81-B269-4EFD-8421-C2FF2612098F}.Release|Any CPU.Build.0 = Release|Any CPU
	EndGlobalSection
	GlobalSection(SolutionProperties) = preSolution
		HideSolutionNode = FALSE
	EndGlobalSection
	GlobalSection(ExtensibilityGlobals) = postSolution
		SolutionGuid = {F9988137-C3E6-4888-A11A-1DD539F6FA27}
	EndGlobalSection
EndGlobal
