
Microsoft Visual Studio Solution File, Format Version 12.00
# Visual Studio Version 16
VisualStudioVersion = 16.0.29926.136
MinimumVisualStudioVersion = 10.0.40219.1
Project("{9A19103F-16F7-4668-BE54-9A1E7A4F7556}") = "Maximum Subarray", "Maximum Subarray\Maximum Subarray.csproj", "{3C248FEB-7840-40FA-ADFD-0E0710BCB8AB}"
EndProject
Project("{9A19103F-16F7-4668-BE54-9A1E7A4F7556}") = "Backspace String Compare", "Backspace String Compare\Backspace String Compare.csproj", "{29BB4C81-B269-4EFD-8421-C2FF2612098F}"
EndProject
Project("{9A19103F-16F7-4668-BE54-9A1E7A4F7556}") = "Best Time to Buy and Sell Stock II", "Best Time to Buy and Sell Stock II\Best Time to Buy and Sell Stock II.csproj", "{86EED15B-4886-4786-8851-653C4F3F37A9}"
EndProject
Project("{9A19103F-16F7-4668-BE54-9A1E7A4F7556}") = "Middle of the Linked List", "Middle of the Linked List\Middle of the Linked List.csproj", "{20D5C481-9295-4345-AE91-78D120D58623}"
EndProject
Project("{9A19103F-16F7-4668-BE54-9A1E7A4F7556}") = "Count Elements", "Count Elements\Count Elements.csproj", "{E0BA3214-3D1D-4428-B869-4E18239B752C}"
EndProject
Project("{9A19103F-16F7-4668-BE54-9A1E7A4F7556}") = "Group Anagrams", "Group Anagrams\Group Anagrams.csproj", "{6A47CB4A-4045-4EE8-8613-AE15DEBB0C21}"
EndProject
Project("{9A19103F-16F7-4668-BE54-9A1E7A4F7556}") = "Happy Number", "Happy Number\Happy Number.csproj", "{F0BDA0B7-CB82-4878-9DD5-140423C5E858}"
EndProject
Project("{9A19103F-16F7-4668-BE54-9A1E7A4F7556}") = "Move Zeroes", "Move Zeroes\Move Zeroes.csproj", "{AD4D55E6-2784-4ED1-86D4-4CAF46BE0D60}"
EndProject
Project("{9A19103F-16F7-4668-BE54-9A1E7A4F7556}") = "Single Number", "Single Number\Single Number.csproj", "{A66B6114-C39B-4CAD-BF52-C46344407358}"
EndProject
Project("{9A19103F-16F7-4668-BE54-9A1E7A4F7556}") = "Min Stack", "Min Stack\Min Stack.csproj", "{15A639B3-0F36-4F1E-A7DE-C51CA37DF1A1}"
EndProject
Project("{FAE04EC0-301F-11D3-BF4B-00C04F79EFBC}") = "Diameter of Binary Tree", "Diameter of Binary Tree\Diameter of Binary Tree.csproj", "{22726915-058D-41F0-9446-377A36D2E664}"
EndProject
Global
	GlobalSection(SolutionConfigurationPlatforms) = preSolution
		Debug|Any CPU = Debug|Any CPU
		Release|Any CPU = Release|Any CPU
	EndGlobalSection
	GlobalSection(ProjectConfigurationPlatforms) = postSolution
		{3C248FEB-7840-40FA-ADFD-0E0710BCB8AB}.Debug|Any CPU.ActiveCfg = Debug|Any CPU
		{3C248FEB-7840-40FA-ADFD-0E0710BCB8AB}.Debug|Any CPU.Build.0 = Debug|Any CPU
		{3C248FEB-7840-40FA-ADFD-0E0710BCB8AB}.Release|Any CPU.ActiveCfg = Release|Any CPU
		{3C248FEB-7840-40FA-ADFD-0E0710BCB8AB}.Release|Any CPU.Build.0 = Release|Any CPU
		{29BB4C81-B269-4EFD-8421-C2FF2612098F}.Debug|Any CPU.ActiveCfg = Debug|Any CPU
		{29BB4C81-B269-4EFD-8421-C2FF2612098F}.Debug|Any CPU.Build.0 = Debug|Any CPU
		{29BB4C81-B269-4EFD-8421-C2FF2612098F}.Release|Any CPU.ActiveCfg = Release|Any CPU
		{29BB4C81-B269-4EFD-8421-C2FF2612098F}.Release|Any CPU.Build.0 = Release|Any CPU
		{86EED15B-4886-4786-8851-653C4F3F37A9}.Debug|Any CPU.ActiveCfg = Debug|Any CPU
		{86EED15B-4886-4786-8851-653C4F3F37A9}.Debug|Any CPU.Build.0 = Debug|Any CPU
		{86EED15B-4886-4786-8851-653C4F3F37A9}.Release|Any CPU.ActiveCfg = Release|Any CPU
		{86EED15B-4886-4786-8851-653C4F3F37A9}.Release|Any CPU.Build.0 = Release|Any CPU
		{20D5C481-9295-4345-AE91-78D120D58623}.Debug|Any CPU.ActiveCfg = Debug|Any CPU
		{20D5C481-9295-4345-AE91-78D120D58623}.Debug|Any CPU.Build.0 = Debug|Any CPU
		{20D5C481-9295-4345-AE91-78D120D58623}.Release|Any CPU.ActiveCfg = Release|Any CPU
		{20D5C481-9295-4345-AE91-78D120D58623}.Release|Any CPU.Build.0 = Release|Any CPU
		{E0BA3214-3D1D-4428-B869-4E18239B752C}.Debug|Any CPU.ActiveCfg = Debug|Any CPU
		{E0BA3214-3D1D-4428-B869-4E18239B752C}.Debug|Any CPU.Build.0 = Debug|Any CPU
		{E0BA3214-3D1D-4428-B869-4E18239B752C}.Release|Any CPU.ActiveCfg = Release|Any CPU
		{E0BA3214-3D1D-4428-B869-4E18239B752C}.Release|Any CPU.Build.0 = Release|Any CPU
		{6A47CB4A-4045-4EE8-8613-AE15DEBB0C21}.Debug|Any CPU.ActiveCfg = Debug|Any CPU
		{6A47CB4A-4045-4EE8-8613-AE15DEBB0C21}.Debug|Any CPU.Build.0 = Debug|Any CPU
		{6A47CB4A-4045-4EE8-8613-AE15DEBB0C21}.Release|Any CPU.ActiveCfg = Release|Any CPU
		{6A47CB4A-4045-4EE8-8613-AE15DEBB0C21}.Release|Any CPU.Build.0 = Release|Any CPU
		{F0BDA0B7-CB82-4878-9DD5-140423C5E858}.Debug|Any CPU.ActiveCfg = Debug|Any CPU
		{F0BDA0B7-CB82-4878-9DD5-140423C5E858}.Debug|Any CPU.Build.0 = Debug|Any CPU
		{F0BDA0B7-CB82-4878-9DD5-140423C5E858}.Release|Any CPU.ActiveCfg = Release|Any CPU
		{F0BDA0B7-CB82-4878-9DD5-140423C5E858}.Release|Any CPU.Build.0 = Release|Any CPU
		{AD4D55E6-2784-4ED1-86D4-4CAF46BE0D60}.Debug|Any CPU.ActiveCfg = Debug|Any CPU
		{AD4D55E6-2784-4ED1-86D4-4CAF46BE0D60}.Debug|Any CPU.Build.0 = Debug|Any CPU
		{AD4D55E6-2784-4ED1-86D4-4CAF46BE0D60}.Release|Any CPU.ActiveCfg = Release|Any CPU
		{AD4D55E6-2784-4ED1-86D4-4CAF46BE0D60}.Release|Any CPU.Build.0 = Release|Any CPU
		{A66B6114-C39B-4CAD-BF52-C46344407358}.Debug|Any CPU.ActiveCfg = Debug|Any CPU
		{A66B6114-C39B-4CAD-BF52-C46344407358}.Debug|Any CPU.Build.0 = Debug|Any CPU
		{A66B6114-C39B-4CAD-BF52-C46344407358}.Release|Any CPU.ActiveCfg = Release|Any CPU
		{A66B6114-C39B-4CAD-BF52-C46344407358}.Release|Any CPU.Build.0 = Release|Any CPU
		{15A639B3-0F36-4F1E-A7DE-C51CA37DF1A1}.Debug|Any CPU.ActiveCfg = Debug|Any CPU
		{15A639B3-0F36-4F1E-A7DE-C51CA37DF1A1}.Debug|Any CPU.Build.0 = Debug|Any CPU
		{15A639B3-0F36-4F1E-A7DE-C51CA37DF1A1}.Release|Any CPU.ActiveCfg = Release|Any CPU
		{15A639B3-0F36-4F1E-A7DE-C51CA37DF1A1}.Release|Any CPU.Build.0 = Release|Any CPU
		{22726915-058D-41F0-9446-377A36D2E664}.Debug|Any CPU.ActiveCfg = Debug|Any CPU
		{22726915-058D-41F0-9446-377A36D2E664}.Debug|Any CPU.Build.0 = Debug|Any CPU
		{22726915-058D-41F0-9446-377A36D2E664}.Release|Any CPU.ActiveCfg = Release|Any CPU
		{22726915-058D-41F0-9446-377A36D2E664}.Release|Any CPU.Build.0 = Release|Any CPU
	EndGlobalSection
	GlobalSection(SolutionProperties) = preSolution
		HideSolutionNode = FALSE
	EndGlobalSection
	GlobalSection(ExtensibilityGlobals) = postSolution
		SolutionGuid = {F9988137-C3E6-4888-A11A-1DD539F6FA27}
	EndGlobalSection
EndGlobal
