
Microsoft Visual Studio Solution File, Format Version 12.00
# Visual Studio Version 16
VisualStudioVersion = 16.0.29926.136
MinimumVisualStudioVersion = 10.0.40219.1
Project("{9A19103F-16F7-4668-BE54-9A1E7A4F7556}") = "SingleNumber", "SingleNumber\SingleNumber.csproj", "{5309EE45-1F28-459F-B58C-99525981B1E8}"
EndProject
Project("{FAE04EC0-301F-11D3-BF4B-00C04F79EFBC}") = "HappyNumber", "HappyNumber\HappyNumber.csproj", "{6844E2A5-F390-4058-BC74-598BCEB7038E}"
EndProject
Project("{FAE04EC0-301F-11D3-BF4B-00C04F79EFBC}") = "MoveZeroes", "MoveZeroes\MoveZeroes.csproj", "{FDD9CEAE-5555-44F7-917C-FDEC9DC65EB2}"
EndProject
Global
	GlobalSection(SolutionConfigurationPlatforms) = preSolution
		Debug|Any CPU = Debug|Any CPU
		Release|Any CPU = Release|Any CPU
	EndGlobalSection
	GlobalSection(ProjectConfigurationPlatforms) = postSolution
		{5309EE45-1F28-459F-B58C-99525981B1E8}.Debug|Any CPU.ActiveCfg = Debug|Any CPU
		{5309EE45-1F28-459F-B58C-99525981B1E8}.Debug|Any CPU.Build.0 = Debug|Any CPU
		{5309EE45-1F28-459F-B58C-99525981B1E8}.Release|Any CPU.ActiveCfg = Release|Any CPU
		{5309EE45-1F28-459F-B58C-99525981B1E8}.Release|Any CPU.Build.0 = Release|Any CPU
		{6844E2A5-F390-4058-BC74-598BCEB7038E}.Debug|Any CPU.ActiveCfg = Debug|Any CPU
		{6844E2A5-F390-4058-BC74-598BCEB7038E}.Debug|Any CPU.Build.0 = Debug|Any CPU
		{6844E2A5-F390-4058-BC74-598BCEB7038E}.Release|Any CPU.ActiveCfg = Release|Any CPU
		{6844E2A5-F390-4058-BC74-598BCEB7038E}.Release|Any CPU.Build.0 = Release|Any CPU
		{FDD9CEAE-5555-44F7-917C-FDEC9DC65EB2}.Debug|Any CPU.ActiveCfg = Debug|Any CPU
		{FDD9CEAE-5555-44F7-917C-FDEC9DC65EB2}.Debug|Any CPU.Build.0 = Debug|Any CPU
		{FDD9CEAE-5555-44F7-917C-FDEC9DC65EB2}.Release|Any CPU.ActiveCfg = Release|Any CPU
		{FDD9CEAE-5555-44F7-917C-FDEC9DC65EB2}.Release|Any CPU.Build.0 = Release|Any CPU
	EndGlobalSection
	GlobalSection(SolutionProperties) = preSolution
		HideSolutionNode = FALSE
	EndGlobalSection
	GlobalSection(ExtensibilityGlobals) = postSolution
		SolutionGuid = {F9988137-C3E6-4888-A11A-1DD539F6FA27}
	EndGlobalSection
EndGlobal
